<?xml version="1.0" encoding="utf-8"?>
<Project ToolsVersion="4.0" xmlns="http://schemas.microsoft.com/developer/msbuild/2003">
  <ItemGroup>
    <Filter Include="源文件">
      <UniqueIdentifier>{4FC737F1-C7A5-4376-A066-2A32D752A2FF}</UniqueIdentifier>
      <Extensions>cpp;c;cc;cxx;def;odl;idl;hpj;bat;asm;asmx</Extensions>
    </Filter>
    <Filter Include="头文件">
      <UniqueIdentifier>{93995380-89BD-4b04-88EB-625FBE52EBFB}</UniqueIdentifier>
      <Extensions>h;hh;hpp;hxx;hm;inl;inc;xsd</Extensions>
    </Filter>
    <Filter Include="资源文件">
      <UniqueIdentifier>{67DA6AB6-F800-4c08-8B7A-83BB121AAD01}</UniqueIdentifier>
      <Extensions>rc;ico;cur;bmp;dlg;rc2;rct;bin;rgs;gif;jpg;jpeg;jpe;resx;tiff;tif;png;wav;mfcribbon-ms</Extensions>
    </Filter>
    <Filter Include="源文件\ui">
      <UniqueIdentifier>{b7cb1dc6-7c0b-45d1-afe6-eda0dd9567c9}</UniqueIdentifier>
    </Filter>
    <Filter Include="源文件\ui\views">
      <UniqueIdentifier>{c3af2c6f-ac71-4c0d-9f2d-0277dd529f83}</UniqueIdentifier>
    </Filter>
    <Filter Include="源文件\ui\components">
      <UniqueIdentifier>{afd4671a-646f-489d-84bf-272f450f3b83}</UniqueIdentifier>
    </Filter>
  </ItemGroup>
  <ItemGroup>
    <ClCompile Include="src\lib\file_search.c">
      <Filter>源文件</Filter>
    </ClCompile>
    <ClCompile Include="src\lib\file_cache.c">
      <Filter>源文件</Filter>
    </ClCompile>
    <ClCompile Include="src\finder.c">
      <Filter>源文件</Filter>
    </ClCompile>
    <ClCompile Include="src\lib\sha1.c">
      <Filter>源文件</Filter>
    </ClCompile>
    <ClCompile Include="src\lib\common.c">
      <Filter>源文件</Filter>
    </ClCompile>
    <ClCompile Include="src\lib\thumb_db.c">
      <Filter>源文件</Filter>
    </ClCompile>
    <ClCompile Include="src\lib\thumb_cache.c">
      <Filter>源文件</Filter>
    </ClCompile>
    <ClCompile Include="src\lib\i18n.c">
      <Filter>源文件</Filter>
    </ClCompile>
    <ClCompile Include="src\bridge_win32.cpp">
      <Filter>源文件</Filter>
    </ClCompile>
    <ClCompile Include="src\lib\file_service.c">
      <Filter>源文件</Filter>
    </ClCompile>
    <ClCompile Include="src\lib\file_storage.c">
      <Filter>源文件</Filter>
    </ClCompile>
    <ClCompile Include="src\ui\views\folders.c">
      <Filter>源文件\ui\views</Filter>
    </ClCompile>
    <ClCompile Include="src\ui\views\home.c">
      <Filter>源文件\ui\views</Filter>
    </ClCompile>
    <ClCompile Include="src\ui\views\search.c">
      <Filter>源文件\ui\views</Filter>
    </ClCompile>
    <ClCompile Include="src\ui\views\settings.c">
      <Filter>源文件\ui\views</Filter>
    </ClCompile>
    <ClCompile Include="src\ui\ui.c">
      <Filter>源文件\ui</Filter>
    </ClCompile>
    <ClCompile Include="src\ui\components\browser.c">
      <Filter>源文件\ui\components</Filter>
    </ClCompile>
    <ClCompile Include="src\ui\components\dialog_alert.c">
      <Filter>源文件\ui\components</Filter>
    </ClCompile>
    <ClCompile Include="src\ui\components\dialog_confirm.c">
      <Filter>源文件\ui\components</Filter>
    </ClCompile>
    <ClCompile Include="src\ui\components\dialog_password.c">
      <Filter>源文件\ui\components</Filter>
    </ClCompile>
    <ClCompile Include="src\ui\components\dialog_progress.c">
      <Filter>源文件\ui\components</Filter>
    </ClCompile>
    <ClCompile Include="src\ui\components\dialog_prompt.c">
      <Filter>源文件\ui\components</Filter>
    </ClCompile>
    <ClCompile Include="src\ui\components\filesync.c">
      <Filter>源文件\ui\components</Filter>
    </ClCompile>
    <ClCompile Include="src\ui\components\progressbar.c">
      <Filter>源文件\ui\components</Filter>
    </ClCompile>
    <ClCompile Include="src\ui\components\sidebar.c">
      <Filter>源文件\ui\components</Filter>
    </ClCompile>
    <ClCompile Include="src\ui\components\splashscreen.c">
      <Filter>源文件\ui\components</Filter>
    </ClCompile>
    <ClCompile Include="src\ui\components\starrating.c">
      <Filter>源文件\ui\components</Filter>
    </ClCompile>
    <ClCompile Include="src\ui\components\switch.c">
      <Filter>源文件\ui\components</Filter>
    </ClCompile>
    <ClCompile Include="src\ui\components\textview_i18n.c">
      <Filter>源文件\ui\components</Filter>
    </ClCompile>
    <ClCompile Include="src\ui\components\thumbview.c">
      <Filter>源文件\ui\components</Filter>
    </ClCompile>
    <ClCompile Include="src\ui\components\timeseparator.c">
      <Filter>源文件\ui\components</Filter>
    </ClCompile>
    <ClCompile Include="src\lib\i18n_detetime.c">
      <Filter>源文件</Filter>
    </ClCompile>
    <ClCompile Include="src\ui\components\tagthumb.c">
      <Filter>源文件\ui\components</Filter>
    </ClCompile>
    <ClCompile Include="src\ui\animation.c">
      <Filter>源文件\ui</Filter>
    </ClCompile>
    <ClCompile Include="src\ui\views\picture_scanner.c">
      <Filter>源文件\ui\views</Filter>
    </ClCompile>
    <ClCompile Include="src\ui\views\picture_info.c">
      <Filter>源文件\ui\views</Filter>
    </ClCompile>
    <ClCompile Include="src\ui\views\picture.c">
      <Filter>源文件\ui\views</Filter>
    </ClCompile>
  </ItemGroup>
  <ItemGroup>
    <None Include="LICENSE" />
    <None Include="README.md" />
  </ItemGroup>
  <ItemGroup>
    <ClInclude Include="include\file_search.h">
      <Filter>头文件</Filter>
    </ClInclude>
    <ClInclude Include="include\file_cache.h">
      <Filter>头文件</Filter>
    </ClInclude>
    <ClInclude Include="include\ui.h">
      <Filter>头文件</Filter>
    </ClInclude>
    <ClInclude Include="include\finder.h">
      <Filter>头文件</Filter>
    </ClInclude>
    <ClInclude Include="include\sha1.h">
      <Filter>头文件</Filter>
    </ClInclude>
    <ClInclude Include="include\common.h">
      <Filter>头文件</Filter>
    </ClInclude>
    <ClInclude Include="include\thumb_db.h">
      <Filter>头文件</Filter>
    </ClInclude>
    <ClInclude Include="include\thumb_cache.h">
      <Filter>头文件</Filter>
    </ClInclude>
    <ClInclude Include="include\thumbview.h">
      <Filter>头文件</Filter>
    </ClInclude>
    <ClInclude Include="resource.h">
      <Filter>头文件</Filter>
    </ClInclude>
    <ClInclude Include="include\dialog.h">
      <Filter>头文件</Filter>
    </ClInclude>
    <ClInclude Include="include\starrating.h">
      <Filter>头文件</Filter>
    </ClInclude>
    <ClInclude Include="include\progressbar.h">
      <Filter>头文件</Filter>
    </ClInclude>
    <ClInclude Include="include\browser.h">
      <Filter>头文件</Filter>
    </ClInclude>
    <ClInclude Include="include\timeseparator.h">
      <Filter>头文件</Filter>
    </ClInclude>
    <ClInclude Include="include\textview_i18n.h">
      <Filter>头文件</Filter>
    </ClInclude>
    <ClInclude Include="include\i18n.h">
      <Filter>头文件</Filter>
    </ClInclude>
    <ClInclude Include="include\dropdown.h">
      <Filter>头文件</Filter>
    </ClInclude>
    <ClInclude Include="include\bridge.h">
      <Filter>头文件</Filter>
    </ClInclude>
    <ClInclude Include="include\switch.h">
      <Filter>头文件</Filter>
    </ClInclude>
    <ClInclude Include="include\build.h">
      <Filter>头文件</Filter>
    </ClInclude>
    <ClInclude Include="include\file_service.h">
      <Filter>头文件</Filter>
    </ClInclude>
    <ClInclude Include="include\file_storage.h">
      <Filter>头文件</Filter>
    </ClInclude>
    <ClInclude Include="include\tagthumb.h">
      <Filter>头文件</Filter>
    </ClInclude>
    <ClInclude Include="include\i18n_datetime.h">
      <Filter>头文件</Filter>
    </ClInclude>
    <ClInclude Include="include\animation.h">
      <Filter>头文件</Filter>
    </ClInclude>
    <ClInclude Include="src\ui\views\picture.h">
      <Filter>源文件\ui\views</Filter>
    </ClInclude>
    <ClInclude Include="include\types.h">
      <Filter>头文件</Filter>
    </ClInclude>
  </ItemGroup>
  <ItemGroup>
    <ResourceCompile Include="LC-Finder.rc">
      <Filter>资源文件</Filter>
    </ResourceCompile>
  </ItemGroup>
  <ItemGroup>
    <Image Include="LC-Finder.ico">
      <Filter>资源文件</Filter>
    </Image>
  </ItemGroup>
</Project>