<?xml version="1.0" encoding="utf-8"?>
<Project ToolsVersion="4.0" xmlns="http://schemas.microsoft.com/developer/msbuild/2003">
  <ItemGroup>
    <Filter Include="源文件">
      <UniqueIdentifier>{4FC737F1-C7A5-4376-A066-2A32D752A2FF}</UniqueIdentifier>
      <Extensions>cpp;c;cc;cxx;def;odl;idl;hpj;bat;asm;asmx</Extensions>
    </Filter>
    <Filter Include="头文件">
      <UniqueIdentifier>{93995380-89BD-4b04-88EB-625FBE52EBFB}</UniqueIdentifier>
      <Extensions>h;hh;hpp;hxx;hm;inl;inc;xsd</Extensions>
    </Filter>
    <Filter Include="资源文件">
      <UniqueIdentifier>{67DA6AB6-F800-4c08-8B7A-83BB121AAD01}</UniqueIdentifier>
      <Extensions>rc;ico;cur;bmp;dlg;rc2;rct;bin;rgs;gif;jpg;jpeg;jpe;resx;tiff;tif;png;wav;mfcribbon-ms</Extensions>
    </Filter>
    <Filter Include="相关资源">
      <UniqueIdentifier>{fff477ac-eadc-49ea-b19c-0910a30903c1}</UniqueIdentifier>
    </Filter>
    <Filter Include="源文件\ui">
      <UniqueIdentifier>{90be4bd8-deb5-4bdc-9866-57c7c74d830a}</UniqueIdentifier>
    </Filter>
  </ItemGroup>
  <ItemGroup>
    <ClCompile Include="src\lib\file_search.c">
      <Filter>源文件</Filter>
    </ClCompile>
    <ClCompile Include="src\lib\file_cache.c">
      <Filter>源文件</Filter>
    </ClCompile>
    <ClCompile Include="src\ui\sidebar.c">
      <Filter>源文件\ui</Filter>
    </ClCompile>
    <ClCompile Include="src\ui\ui.c">
      <Filter>源文件\ui</Filter>
    </ClCompile>
    <ClCompile Include="src\ui\view_settings.c">
      <Filter>源文件\ui</Filter>
    </ClCompile>
    <ClCompile Include="src\finder.c">
      <Filter>源文件</Filter>
    </ClCompile>
    <ClCompile Include="src\ui\view_folders.c">
      <Filter>源文件\ui</Filter>
    </ClCompile>
    <ClCompile Include="src\lib\sha1.c">
      <Filter>源文件</Filter>
    </ClCompile>
    <ClCompile Include="src\lib\common.c">
      <Filter>源文件</Filter>
    </ClCompile>
    <ClCompile Include="src\lib\thumb_db.c">
      <Filter>源文件</Filter>
    </ClCompile>
    <ClCompile Include="src\lib\thumb_cache.c">
      <Filter>源文件</Filter>
    </ClCompile>
    <ClCompile Include="src\ui\thumbview.c">
      <Filter>源文件\ui</Filter>
    </ClCompile>
    <ClCompile Include="src\ui\view_home.c">
      <Filter>源文件\ui</Filter>
    </ClCompile>
    <ClCompile Include="src\ui\filesync.c">
      <Filter>源文件\ui</Filter>
    </ClCompile>
    <ClCompile Include="src\ui\dialog_confirm.c">
      <Filter>源文件\ui</Filter>
    </ClCompile>
    <ClCompile Include="src\ui\view_picture.c">
      <Filter>源文件\ui</Filter>
    </ClCompile>
    <ClCompile Include="src\ui\view_picture_info.c">
      <Filter>源文件\ui</Filter>
    </ClCompile>
    <ClCompile Include="src\ui\view_search.c">
      <Filter>源文件\ui</Filter>
    </ClCompile>
    <ClCompile Include="src\ui\dialog_prompt.c">
      <Filter>源文件\ui</Filter>
    </ClCompile>
    <ClCompile Include="src\ui\starrating.c">
      <Filter>源文件\ui</Filter>
    </ClCompile>
    <ClCompile Include="src\ui\progressbar.c">
      <Filter>源文件\ui</Filter>
    </ClCompile>
    <ClCompile Include="src\ui\dialog_progress.c">
      <Filter>源文件\ui</Filter>
    </ClCompile>
    <ClCompile Include="src\ui\browser.c">
      <Filter>源文件\ui</Filter>
    </ClCompile>
    <ClCompile Include="src\ui\timeseparator.c">
      <Filter>源文件\ui</Filter>
    </ClCompile>
    <ClCompile Include="src\ui\textview_i18n.c">
      <Filter>源文件\ui</Filter>
    </ClCompile>
    <ClCompile Include="src\lib\i18n.c">
      <Filter>源文件</Filter>
    </ClCompile>
    <ClCompile Include="src\ui\dropdown.c">
      <Filter>源文件\ui</Filter>
    </ClCompile>
    <ClCompile Include="src\ui\splashscreen.c">
      <Filter>源文件\ui</Filter>
    </ClCompile>
    <ClCompile Include="src\bridge.cpp">
      <Filter>源文件</Filter>
    </ClCompile>
  </ItemGroup>
  <ItemGroup>
    <None Include="LICENSE" />
    <None Include="README.md" />
    <None Include="app\assets\ui.css">
      <Filter>相关资源</Filter>
    </None>
    <None Include="app\assets\ui-skin.css">
      <Filter>相关资源</Filter>
    </None>
  </ItemGroup>
  <ItemGroup>
    <ClInclude Include="include\file_search.h">
      <Filter>头文件</Filter>
    </ClInclude>
    <ClInclude Include="include\file_cache.h">
      <Filter>头文件</Filter>
    </ClInclude>
    <ClInclude Include="include\ui.h">
      <Filter>头文件</Filter>
    </ClInclude>
    <ClInclude Include="include\finder.h">
      <Filter>头文件</Filter>
    </ClInclude>
    <ClInclude Include="include\sha1.h">
      <Filter>头文件</Filter>
    </ClInclude>
    <ClInclude Include="include\common.h">
      <Filter>头文件</Filter>
    </ClInclude>
    <ClInclude Include="include\thumb_db.h">
      <Filter>头文件</Filter>
    </ClInclude>
    <ClInclude Include="include\thumb_cache.h">
      <Filter>头文件</Filter>
    </ClInclude>
    <ClInclude Include="include\thumbview.h">
      <Filter>头文件</Filter>
    </ClInclude>
    <ClInclude Include="resource.h">
      <Filter>头文件</Filter>
    </ClInclude>
    <ClInclude Include="include\dialog.h">
      <Filter>头文件</Filter>
    </ClInclude>
    <ClInclude Include="include\starrating.h">
      <Filter>头文件</Filter>
    </ClInclude>
    <ClInclude Include="include\progressbar.h">
      <Filter>头文件</Filter>
    </ClInclude>
    <ClInclude Include="include\browser.h">
      <Filter>头文件</Filter>
    </ClInclude>
    <ClInclude Include="include\timeseparator.h">
      <Filter>头文件</Filter>
    </ClInclude>
    <ClInclude Include="include\textview_i18n.h">
      <Filter>头文件</Filter>
    </ClInclude>
    <ClInclude Include="include\i18n.h">
      <Filter>头文件</Filter>
    </ClInclude>
    <ClInclude Include="include\dropdown.h">
      <Filter>头文件</Filter>
    </ClInclude>
    <ClInclude Include="include\bridge.h">
      <Filter>头文件</Filter>
    </ClInclude>
  </ItemGroup>
  <ItemGroup>
    <ResourceCompile Include="LC-Finder.rc">
      <Filter>资源文件</Filter>
    </ResourceCompile>
  </ItemGroup>
  <ItemGroup>
    <Image Include="LC-Finder.ico">
      <Filter>资源文件</Filter>
    </Image>
  </ItemGroup>
  <ItemGroup>
    <Xml Include="app\assets\ui.xml">
      <Filter>相关资源</Filter>
    </Xml>
    <Xml Include="app\assets\ui-view-picture.xml">
      <Filter>相关资源</Filter>
    </Xml>
    <Xml Include="app\assets\ui-view-picture-info.xml">
      <Filter>相关资源</Filter>
    </Xml>
  </ItemGroup>
</Project>