
Microsoft Visual Studio Solution File, Format Version 12.00
# Visual Studio 15
VisualStudioVersion = 15.0.26228.9
MinimumVisualStudioVersion = 10.0.40219.1
Project("{8BC9CEB8-8B4A-11D0-8D11-00A0C91BC942}") = "LC-Finder", "LC-Finder.vcxproj", "{FE1B26DD-86FB-4CB8-8504-E2ACD5BC4D87}"
EndProject
Project("{8BC9CEB8-8B4A-11D0-8D11-00A0C91BC942}") = "UWP", "UWP\UWP.vcxproj", "{A32417AA-EA1C-46B4-AE1C-23F54F41567A}"
EndProject
Project("{8BC9CEB8-8B4A-11D0-8D11-00A0C91BC942}") = "test", "test\test.vcxproj", "{F0F0636E-B4C3-4FB6-91C8-B9FB5E666577}"
EndProject
Global
	GlobalSection(SolutionConfigurationPlatforms) = preSolution
		Debug|x64 = Debug|x64
		Debug|x86 = Debug|x86
		Release|x64 = Release|x64
		Release|x86 = Release|x86
	EndGlobalSection
	GlobalSection(ProjectConfigurationPlatforms) = postSolution
		{FE1B26DD-86FB-4CB8-8504-E2ACD5BC4D87}.Debug|x64.ActiveCfg = Debug|x64
		{FE1B26DD-86FB-4CB8-8504-E2ACD5BC4D87}.Debug|x64.Build.0 = Debug|x64
		{FE1B26DD-86FB-4CB8-8504-E2ACD5BC4D87}.Debug|x86.ActiveCfg = Debug|Win32
		{FE1B26DD-86FB-4CB8-8504-E2ACD5BC4D87}.Debug|x86.Build.0 = Debug|Win32
		{FE1B26DD-86FB-4CB8-8504-E2ACD5BC4D87}.Release|x64.ActiveCfg = Release|x64
		{FE1B26DD-86FB-4CB8-8504-E2ACD5BC4D87}.Release|x64.Build.0 = Release|x64
		{FE1B26DD-86FB-4CB8-8504-E2ACD5BC4D87}.Release|x86.ActiveCfg = Release|Win32
		{FE1B26DD-86FB-4CB8-8504-E2ACD5BC4D87}.Release|x86.Build.0 = Release|Win32
		{A32417AA-EA1C-46B4-AE1C-23F54F41567A}.Debug|x64.ActiveCfg = Debug|x64
		{A32417AA-EA1C-46B4-AE1C-23F54F41567A}.Debug|x64.Build.0 = Debug|x64
		{A32417AA-EA1C-46B4-AE1C-23F54F41567A}.Debug|x64.Deploy.0 = Debug|x64
		{A32417AA-EA1C-46B4-AE1C-23F54F41567A}.Debug|x86.ActiveCfg = Debug|Win32
		{A32417AA-EA1C-46B4-AE1C-23F54F41567A}.Debug|x86.Build.0 = Debug|Win32
		{A32417AA-EA1C-46B4-AE1C-23F54F41567A}.Debug|x86.Deploy.0 = Debug|Win32
		{A32417AA-EA1C-46B4-AE1C-23F54F41567A}.Release|x64.ActiveCfg = Release|x64
		{A32417AA-EA1C-46B4-AE1C-23F54F41567A}.Release|x64.Build.0 = Release|x64
		{A32417AA-EA1C-46B4-AE1C-23F54F41567A}.Release|x64.Deploy.0 = Release|x64
		{A32417AA-EA1C-46B4-AE1C-23F54F41567A}.Release|x86.ActiveCfg = Release|Win32
		{A32417AA-EA1C-46B4-AE1C-23F54F41567A}.Release|x86.Build.0 = Release|Win32
		{A32417AA-EA1C-46B4-AE1C-23F54F41567A}.Release|x86.Deploy.0 = Release|Win32
		{F0F0636E-B4C3-4FB6-91C8-B9FB5E666577}.Debug|x64.ActiveCfg = Debug|x64
		{F0F0636E-B4C3-4FB6-91C8-B9FB5E666577}.Debug|x64.Build.0 = Debug|x64
		{F0F0636E-B4C3-4FB6-91C8-B9FB5E666577}.Debug|x86.ActiveCfg = Debug|Win32
		{F0F0636E-B4C3-4FB6-91C8-B9FB5E666577}.Debug|x86.Build.0 = Debug|Win32
		{F0F0636E-B4C3-4FB6-91C8-B9FB5E666577}.Release|x64.ActiveCfg = Release|x64
		{F0F0636E-B4C3-4FB6-91C8-B9FB5E666577}.Release|x64.Build.0 = Release|x64
		{F0F0636E-B4C3-4FB6-91C8-B9FB5E666577}.Release|x86.ActiveCfg = Release|Win32
		{F0F0636E-B4C3-4FB6-91C8-B9FB5E666577}.Release|x86.Build.0 = Release|Win32
	EndGlobalSection
	GlobalSection(SolutionProperties) = preSolution
		HideSolutionNode = FALSE
	EndGlobalSection
	GlobalSection(ExtensibilityGlobals) = postSolution
		SolutionGuid = {9F3D05A5-0CC9-42E3-8720-393BAC614868}
	EndGlobalSection
EndGlobal
